# This file is automatically @generated by Cargo.
# It is not intended for manual editing.
version = 3

[[package]]
name = "depends"
version = "0.1.0"
dependencies = [
 "gitdep",
 "pathdep",
]

[[package]]
name = "gitdep"
version = "0.1.0"
source = "git+https://github.com/thomcc/test-cargo-config-gitdep?branch=main#b2f4b25df667d5f10b14f4ccadced29cd518a533"

[[package]]
name = "pathdep"
version = "0.1.0"
